
Microsoft Visual Studio Solution File, Format Version 12.00
# Visual Studio Version 16
VisualStudioVersion = 16.0.29905.134
MinimumVisualStudioVersion = 10.0.40219.1
Project("{FAE04EC0-301F-11D3-BF4B-00C04F79EFBC}") = "Projeto01", "Projeto01\Projeto01.csproj", "{6C6E63EE-E4D2-4E62-B586-F6B30E575C7A}"
EndProject
Global
	GlobalSection(SolutionConfigurationPlatforms) = preSolution
		Debug|Any CPU = Debug|Any CPU
		Release|Any CPU = Release|Any CPU
	EndGlobalSection
	GlobalSection(ProjectConfigurationPlatforms) = postSolution
		{6C6E63EE-E4D2-4E62-B586-F6B30E575C7A}.Debug|Any CPU.ActiveCfg = Debug|Any CPU
		{6C6E63EE-E4D2-4E62-B586-F6B30E575C7A}.Debug|Any CPU.Build.0 = Debug|Any CPU
		{6C6E63EE-E4D2-4E62-B586-F6B30E575C7A}.Release|Any CPU.ActiveCfg = Release|Any CPU
		{6C6E63EE-E4D2-4E62-B586-F6B30E575C7A}.Release|Any CPU.Build.0 = Release|Any CPU
	EndGlobalSection
	GlobalSection(SolutionProperties) = preSolution
		HideSolutionNode = FALSE
	EndGlobalSection
	GlobalSection(ExtensibilityGlobals) = postSolution
		SolutionGuid = {C0C2DADB-9357-411E-B839-A4666DBAF61D}
	EndGlobalSection
EndGlobal
