
Microsoft Visual Studio Solution File, Format Version 12.00
# Visual Studio Version 16
VisualStudioVersion = 16.0.29905.134
MinimumVisualStudioVersion = 10.0.40219.1
Project("{2150E333-8FDC-42A3-9474-1A3956D46DE8}") = "0 - Modelagem de Entidades", "0 - Modelagem de Entidades", "{3869F21C-DA6C-4ADE-BF04-9FF356207C5F}"
EndProject
Project("{2150E333-8FDC-42A3-9474-1A3956D46DE8}") = "1 - Sistema", "1 - Sistema", "{338A0AFC-BD43-4683-AA7A-25996E372451}"
EndProject
Project("{2150E333-8FDC-42A3-9474-1A3956D46DE8}") = "1.1 - Camada de Apresentação", "1.1 - Camada de Apresentação", "{3CB01735-9A88-4C66-8B25-EF225A84D70E}"
EndProject
Project("{2150E333-8FDC-42A3-9474-1A3956D46DE8}") = "1.2 - Camada de Regras de Negócio", "1.2 - Camada de Regras de Negócio", "{823E2E13-E462-4F7E-8467-1550FE1DC182}"
EndProject
Project("{2150E333-8FDC-42A3-9474-1A3956D46DE8}") = "1.3 - Camada de Acesso a Dados", "1.3 - Camada de Acesso a Dados", "{3428DACB-BF63-4935-9F92-FBBD3B30B575}"
EndProject
Project("{FAE04EC0-301F-11D3-BF4B-00C04F79EFBC}") = "Projeto.Entities", "Projeto.Entities\Projeto.Entities.csproj", "{07FE9BDF-C0B8-4148-BBA1-C38CADEBC547}"
EndProject
Project("{FAE04EC0-301F-11D3-BF4B-00C04F79EFBC}") = "Projeto.Presentation", "Projeto.Presentation\Projeto.Presentation.csproj", "{0F8224C5-44EC-4C8B-94DF-0DF604BCB7F1}"
EndProject
Project("{FAE04EC0-301F-11D3-BF4B-00C04F79EFBC}") = "Projeto.DAL", "Projeto.DAL\Projeto.DAL.csproj", "{09238539-B8D9-4E2D-A5E4-6B5508AFBDE4}"
EndProject
Project("{FAE04EC0-301F-11D3-BF4B-00C04F79EFBC}") = "Projeto.BLL", "Projeto.BLL\Projeto.BLL.csproj", "{669565FD-E021-4D83-90F5-77BFC2C80FCA}"
EndProject
Global
	GlobalSection(SolutionConfigurationPlatforms) = preSolution
		Debug|Any CPU = Debug|Any CPU
		Release|Any CPU = Release|Any CPU
	EndGlobalSection
	GlobalSection(ProjectConfigurationPlatforms) = postSolution
		{07FE9BDF-C0B8-4148-BBA1-C38CADEBC547}.Debug|Any CPU.ActiveCfg = Debug|Any CPU
		{07FE9BDF-C0B8-4148-BBA1-C38CADEBC547}.Debug|Any CPU.Build.0 = Debug|Any CPU
		{07FE9BDF-C0B8-4148-BBA1-C38CADEBC547}.Release|Any CPU.ActiveCfg = Release|Any CPU
		{07FE9BDF-C0B8-4148-BBA1-C38CADEBC547}.Release|Any CPU.Build.0 = Release|Any CPU
		{0F8224C5-44EC-4C8B-94DF-0DF604BCB7F1}.Debug|Any CPU.ActiveCfg = Debug|Any CPU
		{0F8224C5-44EC-4C8B-94DF-0DF604BCB7F1}.Debug|Any CPU.Build.0 = Debug|Any CPU
		{0F8224C5-44EC-4C8B-94DF-0DF604BCB7F1}.Release|Any CPU.ActiveCfg = Release|Any CPU
		{0F8224C5-44EC-4C8B-94DF-0DF604BCB7F1}.Release|Any CPU.Build.0 = Release|Any CPU
		{09238539-B8D9-4E2D-A5E4-6B5508AFBDE4}.Debug|Any CPU.ActiveCfg = Debug|Any CPU
		{09238539-B8D9-4E2D-A5E4-6B5508AFBDE4}.Debug|Any CPU.Build.0 = Debug|Any CPU
		{09238539-B8D9-4E2D-A5E4-6B5508AFBDE4}.Release|Any CPU.ActiveCfg = Release|Any CPU
		{09238539-B8D9-4E2D-A5E4-6B5508AFBDE4}.Release|Any CPU.Build.0 = Release|Any CPU
		{669565FD-E021-4D83-90F5-77BFC2C80FCA}.Debug|Any CPU.ActiveCfg = Debug|Any CPU
		{669565FD-E021-4D83-90F5-77BFC2C80FCA}.Debug|Any CPU.Build.0 = Debug|Any CPU
		{669565FD-E021-4D83-90F5-77BFC2C80FCA}.Release|Any CPU.ActiveCfg = Release|Any CPU
		{669565FD-E021-4D83-90F5-77BFC2C80FCA}.Release|Any CPU.Build.0 = Release|Any CPU
	EndGlobalSection
	GlobalSection(SolutionProperties) = preSolution
		HideSolutionNode = FALSE
	EndGlobalSection
	GlobalSection(NestedProjects) = preSolution
		{3CB01735-9A88-4C66-8B25-EF225A84D70E} = {338A0AFC-BD43-4683-AA7A-25996E372451}
		{823E2E13-E462-4F7E-8467-1550FE1DC182} = {338A0AFC-BD43-4683-AA7A-25996E372451}
		{3428DACB-BF63-4935-9F92-FBBD3B30B575} = {338A0AFC-BD43-4683-AA7A-25996E372451}
		{07FE9BDF-C0B8-4148-BBA1-C38CADEBC547} = {3869F21C-DA6C-4ADE-BF04-9FF356207C5F}
		{0F8224C5-44EC-4C8B-94DF-0DF604BCB7F1} = {3CB01735-9A88-4C66-8B25-EF225A84D70E}
		{09238539-B8D9-4E2D-A5E4-6B5508AFBDE4} = {3428DACB-BF63-4935-9F92-FBBD3B30B575}
		{669565FD-E021-4D83-90F5-77BFC2C80FCA} = {823E2E13-E462-4F7E-8467-1550FE1DC182}
	EndGlobalSection
	GlobalSection(ExtensibilityGlobals) = postSolution
		SolutionGuid = {7213B364-C51E-4B71-9D2A-AB9DC7387A7B}
	EndGlobalSection
EndGlobal
