
Microsoft Visual Studio Solution File, Format Version 12.00
# Visual Studio Version 16
VisualStudioVersion = 16.0.29905.134
MinimumVisualStudioVersion = 10.0.40219.1
Project("{FAE04EC0-301F-11D3-BF4B-00C04F79EFBC}") = "Projeto.Presentation", "Projeto.Presentation\Projeto.Presentation.csproj", "{1413DDF9-4554-4E04-8677-40E3CD518251}"
EndProject
Project("{FAE04EC0-301F-11D3-BF4B-00C04F79EFBC}") = "Projeto.DAL", "projeto.DAL\Projeto.DAL.csproj", "{6079B564-24D3-493D-B0C5-62802E214F2A}"
EndProject
Project("{FAE04EC0-301F-11D3-BF4B-00C04F79EFBC}") = "Projeto.BLL", "Projeto.BLL\Projeto.BLL.csproj", "{D65E2643-F804-4FEE-A009-88E1CD4799D8}"
EndProject
Global
	GlobalSection(SolutionConfigurationPlatforms) = preSolution
		Debug|Any CPU = Debug|Any CPU
		Release|Any CPU = Release|Any CPU
	EndGlobalSection
	GlobalSection(ProjectConfigurationPlatforms) = postSolution
		{1413DDF9-4554-4E04-8677-40E3CD518251}.Debug|Any CPU.ActiveCfg = Debug|Any CPU
		{1413DDF9-4554-4E04-8677-40E3CD518251}.Debug|Any CPU.Build.0 = Debug|Any CPU
		{1413DDF9-4554-4E04-8677-40E3CD518251}.Release|Any CPU.ActiveCfg = Release|Any CPU
		{1413DDF9-4554-4E04-8677-40E3CD518251}.Release|Any CPU.Build.0 = Release|Any CPU
		{6079B564-24D3-493D-B0C5-62802E214F2A}.Debug|Any CPU.ActiveCfg = Debug|Any CPU
		{6079B564-24D3-493D-B0C5-62802E214F2A}.Debug|Any CPU.Build.0 = Debug|Any CPU
		{6079B564-24D3-493D-B0C5-62802E214F2A}.Release|Any CPU.ActiveCfg = Release|Any CPU
		{6079B564-24D3-493D-B0C5-62802E214F2A}.Release|Any CPU.Build.0 = Release|Any CPU
		{D65E2643-F804-4FEE-A009-88E1CD4799D8}.Debug|Any CPU.ActiveCfg = Debug|Any CPU
		{D65E2643-F804-4FEE-A009-88E1CD4799D8}.Debug|Any CPU.Build.0 = Debug|Any CPU
		{D65E2643-F804-4FEE-A009-88E1CD4799D8}.Release|Any CPU.ActiveCfg = Release|Any CPU
		{D65E2643-F804-4FEE-A009-88E1CD4799D8}.Release|Any CPU.Build.0 = Release|Any CPU
	EndGlobalSection
	GlobalSection(SolutionProperties) = preSolution
		HideSolutionNode = FALSE
	EndGlobalSection
	GlobalSection(ExtensibilityGlobals) = postSolution
		SolutionGuid = {9803FCC7-9C52-4377-9F6B-9BA3FEDF5F83}
	EndGlobalSection
EndGlobal
