
Microsoft Visual Studio Solution File, Format Version 12.00
# Visual Studio 2013
VisualStudioVersion = 12.0.40629.0
MinimumVisualStudioVersion = 10.0.40219.1
Project("{FAE04EC0-301F-11D3-BF4B-00C04F79EFBC}") = "Aula03Projeto01", "Aula03Projeto01\Aula03Projeto01.csproj", "{43E4561B-9412-413A-83FE-1FC62660E791}"
EndProject
Project("{FAE04EC0-301F-11D3-BF4B-00C04F79EFBC}") = "Projeto02Aula03", "Projeto02Aula03\Projeto02Aula03.csproj", "{889C9BAE-4423-4F39-BDF7-4A59FFAE144D}"
EndProject
Global
	GlobalSection(SolutionConfigurationPlatforms) = preSolution
		Debug|Any CPU = Debug|Any CPU
		Release|Any CPU = Release|Any CPU
	EndGlobalSection
	GlobalSection(ProjectConfigurationPlatforms) = postSolution
		{43E4561B-9412-413A-83FE-1FC62660E791}.Debug|Any CPU.ActiveCfg = Debug|Any CPU
		{43E4561B-9412-413A-83FE-1FC62660E791}.Debug|Any CPU.Build.0 = Debug|Any CPU
		{43E4561B-9412-413A-83FE-1FC62660E791}.Release|Any CPU.ActiveCfg = Release|Any CPU
		{43E4561B-9412-413A-83FE-1FC62660E791}.Release|Any CPU.Build.0 = Release|Any CPU
		{889C9BAE-4423-4F39-BDF7-4A59FFAE144D}.Debug|Any CPU.ActiveCfg = Debug|Any CPU
		{889C9BAE-4423-4F39-BDF7-4A59FFAE144D}.Debug|Any CPU.Build.0 = Debug|Any CPU
		{889C9BAE-4423-4F39-BDF7-4A59FFAE144D}.Release|Any CPU.ActiveCfg = Release|Any CPU
		{889C9BAE-4423-4F39-BDF7-4A59FFAE144D}.Release|Any CPU.Build.0 = Release|Any CPU
	EndGlobalSection
	GlobalSection(SolutionProperties) = preSolution
		HideSolutionNode = FALSE
	EndGlobalSection
EndGlobal
